
Microsoft Visual Studio Solution File, Format Version 12.00
# Visual Studio Version 16
VisualStudioVersion = 16.0.35229.62
MinimumVisualStudioVersion = 10.0.40219.1
Project("{FAE04EC0-301F-11D3-BF4B-00C04F79EFBC}") = "LapTrinhWeb_Lab05", "LapTrinhWeb_Lab05.csproj", "{8C223271-2838-4CA6-ACB0-CF68C7969A9C}"
EndProject
Global
	GlobalSection(SolutionConfigurationPlatforms) = preSolution
		Debug|Any CPU = Debug|Any CPU
		Release|Any CPU = Release|Any CPU
	EndGlobalSection
	GlobalSection(ProjectConfigurationPlatforms) = postSolution
		{8C223271-2838-4CA6-ACB0-CF68C7969A9C}.Debug|Any CPU.ActiveCfg = Debug|Any CPU
		{8C223271-2838-4CA6-ACB0-CF68C7969A9C}.Debug|Any CPU.Build.0 = Debug|Any CPU
		{8C223271-2838-4CA6-ACB0-CF68C7969A9C}.Release|Any CPU.ActiveCfg = Release|Any CPU
		{8C223271-2838-4CA6-ACB0-CF68C7969A9C}.Release|Any CPU.Build.0 = Release|Any CPU
	EndGlobalSection
	GlobalSection(SolutionProperties) = preSolution
		HideSolutionNode = FALSE
	EndGlobalSection
	GlobalSection(ExtensibilityGlobals) = postSolution
		SolutionGuid = {D965F396-26EB-41D9-B3FB-B823ECB8055D}
	EndGlobalSection
EndGlobal
